{
  "dependencies": {
    "ytdl-core": {
      "version": "0.7.9",
      "resolved": "https://registry.npmjs.org/ytdl-core/-/ytdl-core-0.7.9.tgz",
      "from": "https://registry.npmjs.org/ytdl-core/-/ytdl-core-0.7.9.tgz",
      "dependencies": {
        "html-entities": {
          "version": "1.2.0",
          "resolved": "https://registry.npmjs.org/html-entities/-/html-entities-1.2.0.tgz",
          "from": "https://registry.npmjs.org/html-entities/-/html-entities-1.2.0.tgz"
        },
        "jstream": {
          "version": "0.2.8",
          "resolved": "https://registry.npmjs.org/jstream/-/jstream-0.2.8.tgz",
          "from": "https://registry.npmjs.org/jstream/-/jstream-0.2.8.tgz",
          "dependencies": {
            "clarinet": {
              "version": "0.11.0",
              "resolved": "https://registry.npmjs.org/clarinet/-/clarinet-0.11.0.tgz",
              "from": "https://registry.npmjs.org/clarinet/-/clarinet-0.11.0.tgz"
            }
          }
        },
        "sax": {
          "version": "1.1.4",
          "resolved": "https://registry.npmjs.org/sax/-/sax-1.1.4.tgz",
          "from": "https://registry.npmjs.org/sax/-/sax-1.1.4.tgz"
        }
      }
    }
  }
}
